
Microsoft Visual Studio Solution File, Format Version 12.00
# Visual Studio Version 17
VisualStudioVersion = 17.10.35122.118
MinimumVisualStudioVersion = 10.0.40219.1
Project("{FAE04EC0-301F-11D3-BF4B-00C04F79EFBC}") = "feladat", "feladat\feladat.csproj", "{7EBDA257-A1BD-4899-91C9-66DA67ED8C33}"
EndProject
Global
	GlobalSection(SolutionConfigurationPlatforms) = preSolution
		Debug|Any CPU = Debug|Any CPU
		Release|Any CPU = Release|Any CPU
	EndGlobalSection
	GlobalSection(ProjectConfigurationPlatforms) = postSolution
		{7EBDA257-A1BD-4899-91C9-66DA67ED8C33}.Debug|Any CPU.ActiveCfg = Debug|Any CPU
		{7EBDA257-A1BD-4899-91C9-66DA67ED8C33}.Debug|Any CPU.Build.0 = Debug|Any CPU
		{7EBDA257-A1BD-4899-91C9-66DA67ED8C33}.Release|Any CPU.ActiveCfg = Release|Any CPU
		{7EBDA257-A1BD-4899-91C9-66DA67ED8C33}.Release|Any CPU.Build.0 = Release|Any CPU
	EndGlobalSection
	GlobalSection(SolutionProperties) = preSolution
		HideSolutionNode = FALSE
	EndGlobalSection
	GlobalSection(ExtensibilityGlobals) = postSolution
		SolutionGuid = {4624843F-62DE-446F-9671-71DA0058C720}
	EndGlobalSection
EndGlobal
