
Microsoft Visual Studio Solution File, Format Version 12.00
# Visual Studio Version 17
VisualStudioVersion = 17.10.35122.118
MinimumVisualStudioVersion = 10.0.40219.1
Project("{FAE04EC0-301F-11D3-BF4B-00C04F79EFBC}") = "hajo jo objekt", "hajo jo objekt\hajo jo objekt.csproj", "{1BA83619-3410-4DEC-A45E-EAC792C1C966}"
EndProject
Global
	GlobalSection(SolutionConfigurationPlatforms) = preSolution
		Debug|Any CPU = Debug|Any CPU
		Release|Any CPU = Release|Any CPU
	EndGlobalSection
	GlobalSection(ProjectConfigurationPlatforms) = postSolution
		{1BA83619-3410-4DEC-A45E-EAC792C1C966}.Debug|Any CPU.ActiveCfg = Debug|Any CPU
		{1BA83619-3410-4DEC-A45E-EAC792C1C966}.Debug|Any CPU.Build.0 = Debug|Any CPU
		{1BA83619-3410-4DEC-A45E-EAC792C1C966}.Release|Any CPU.ActiveCfg = Release|Any CPU
		{1BA83619-3410-4DEC-A45E-EAC792C1C966}.Release|Any CPU.Build.0 = Release|Any CPU
	EndGlobalSection
	GlobalSection(SolutionProperties) = preSolution
		HideSolutionNode = FALSE
	EndGlobalSection
	GlobalSection(ExtensibilityGlobals) = postSolution
		SolutionGuid = {ACCE1AAA-6818-44FC-8AD3-5B9032A01F61}
	EndGlobalSection
EndGlobal
