
Microsoft Visual Studio Solution File, Format Version 12.00
# Visual Studio Version 17
VisualStudioVersion = 17.10.35122.118
MinimumVisualStudioVersion = 10.0.40219.1
Project("{FAE04EC0-301F-11D3-BF4B-00C04F79EFBC}") = "wpf ujra gyakorlas", "wpf ujra gyakorlas\wpf ujra gyakorlas.csproj", "{321E605C-B996-4F2D-8B8B-E018B992E86A}"
EndProject
Global
	GlobalSection(SolutionConfigurationPlatforms) = preSolution
		Debug|Any CPU = Debug|Any CPU
		Release|Any CPU = Release|Any CPU
	EndGlobalSection
	GlobalSection(ProjectConfigurationPlatforms) = postSolution
		{321E605C-B996-4F2D-8B8B-E018B992E86A}.Debug|Any CPU.ActiveCfg = Debug|Any CPU
		{321E605C-B996-4F2D-8B8B-E018B992E86A}.Debug|Any CPU.Build.0 = Debug|Any CPU
		{321E605C-B996-4F2D-8B8B-E018B992E86A}.Release|Any CPU.ActiveCfg = Release|Any CPU
		{321E605C-B996-4F2D-8B8B-E018B992E86A}.Release|Any CPU.Build.0 = Release|Any CPU
	EndGlobalSection
	GlobalSection(SolutionProperties) = preSolution
		HideSolutionNode = FALSE
	EndGlobalSection
	GlobalSection(ExtensibilityGlobals) = postSolution
		SolutionGuid = {8C8F40CE-1140-470C-B0D8-920D9C754187}
	EndGlobalSection
EndGlobal
