
Microsoft Visual Studio Solution File, Format Version 12.00
# Visual Studio Version 17
VisualStudioVersion = 17.10.35122.118
MinimumVisualStudioVersion = 10.0.40219.1
Project("{FAE04EC0-301F-11D3-BF4B-00C04F79EFBC}") = "BeléptetRendszer", "BeléptetRendszer\BeléptetRendszer.csproj", "{50688333-2F35-4062-B303-4C076AB01B89}"
EndProject
Global
	GlobalSection(SolutionConfigurationPlatforms) = preSolution
		Debug|Any CPU = Debug|Any CPU
		Release|Any CPU = Release|Any CPU
	EndGlobalSection
	GlobalSection(ProjectConfigurationPlatforms) = postSolution
		{50688333-2F35-4062-B303-4C076AB01B89}.Debug|Any CPU.ActiveCfg = Debug|Any CPU
		{50688333-2F35-4062-B303-4C076AB01B89}.Debug|Any CPU.Build.0 = Debug|Any CPU
		{50688333-2F35-4062-B303-4C076AB01B89}.Release|Any CPU.ActiveCfg = Release|Any CPU
		{50688333-2F35-4062-B303-4C076AB01B89}.Release|Any CPU.Build.0 = Release|Any CPU
	EndGlobalSection
	GlobalSection(SolutionProperties) = preSolution
		HideSolutionNode = FALSE
	EndGlobalSection
	GlobalSection(ExtensibilityGlobals) = postSolution
		SolutionGuid = {9C64FEF1-28B5-44F0-8851-9749CC03BF33}
	EndGlobalSection
EndGlobal
