
Microsoft Visual Studio Solution File, Format Version 12.00
# Visual Studio Version 17
VisualStudioVersion = 17.10.35122.118
MinimumVisualStudioVersion = 10.0.40219.1
Project("{FAE04EC0-301F-11D3-BF4B-00C04F79EFBC}") = "nyelvvizsga", "nyelvvizsga\nyelvvizsga.csproj", "{B6246E7E-DBD3-4F89-B720-6EC1C46D6015}"
EndProject
Global
	GlobalSection(SolutionConfigurationPlatforms) = preSolution
		Debug|Any CPU = Debug|Any CPU
		Release|Any CPU = Release|Any CPU
	EndGlobalSection
	GlobalSection(ProjectConfigurationPlatforms) = postSolution
		{B6246E7E-DBD3-4F89-B720-6EC1C46D6015}.Debug|Any CPU.ActiveCfg = Debug|Any CPU
		{B6246E7E-DBD3-4F89-B720-6EC1C46D6015}.Debug|Any CPU.Build.0 = Debug|Any CPU
		{B6246E7E-DBD3-4F89-B720-6EC1C46D6015}.Release|Any CPU.ActiveCfg = Release|Any CPU
		{B6246E7E-DBD3-4F89-B720-6EC1C46D6015}.Release|Any CPU.Build.0 = Release|Any CPU
	EndGlobalSection
	GlobalSection(SolutionProperties) = preSolution
		HideSolutionNode = FALSE
	EndGlobalSection
	GlobalSection(ExtensibilityGlobals) = postSolution
		SolutionGuid = {F06AF304-F49C-40BF-A54F-119F5D1ED6C1}
	EndGlobalSection
EndGlobal
