
Microsoft Visual Studio Solution File, Format Version 12.00
# Visual Studio Version 17
VisualStudioVersion = 17.10.35122.118
MinimumVisualStudioVersion = 10.0.40219.1
Project("{FAE04EC0-301F-11D3-BF4B-00C04F79EFBC}") = "Kutyák", "Kutyák\Kutyák.csproj", "{6F4B7F4B-9101-47BF-BBA2-88A809CB45CF}"
EndProject
Global
	GlobalSection(SolutionConfigurationPlatforms) = preSolution
		Debug|Any CPU = Debug|Any CPU
		Release|Any CPU = Release|Any CPU
	EndGlobalSection
	GlobalSection(ProjectConfigurationPlatforms) = postSolution
		{6F4B7F4B-9101-47BF-BBA2-88A809CB45CF}.Debug|Any CPU.ActiveCfg = Debug|Any CPU
		{6F4B7F4B-9101-47BF-BBA2-88A809CB45CF}.Debug|Any CPU.Build.0 = Debug|Any CPU
		{6F4B7F4B-9101-47BF-BBA2-88A809CB45CF}.Release|Any CPU.ActiveCfg = Release|Any CPU
		{6F4B7F4B-9101-47BF-BBA2-88A809CB45CF}.Release|Any CPU.Build.0 = Release|Any CPU
	EndGlobalSection
	GlobalSection(SolutionProperties) = preSolution
		HideSolutionNode = FALSE
	EndGlobalSection
	GlobalSection(ExtensibilityGlobals) = postSolution
		SolutionGuid = {1845201F-D0FF-4329-95A7-76D9EA102F7E}
	EndGlobalSection
EndGlobal
