
Microsoft Visual Studio Solution File, Format Version 12.00
# Visual Studio Version 17
VisualStudioVersion = 17.10.35122.118
MinimumVisualStudioVersion = 10.0.40219.1
Project("{FAE04EC0-301F-11D3-BF4B-00C04F79EFBC}") = "2 ablak", "2 ablak\2 ablak.csproj", "{8E8C131A-BED2-4A0A-B95F-97E7B8007948}"
EndProject
Global
	GlobalSection(SolutionConfigurationPlatforms) = preSolution
		Debug|Any CPU = Debug|Any CPU
		Release|Any CPU = Release|Any CPU
	EndGlobalSection
	GlobalSection(ProjectConfigurationPlatforms) = postSolution
		{8E8C131A-BED2-4A0A-B95F-97E7B8007948}.Debug|Any CPU.ActiveCfg = Debug|Any CPU
		{8E8C131A-BED2-4A0A-B95F-97E7B8007948}.Debug|Any CPU.Build.0 = Debug|Any CPU
		{8E8C131A-BED2-4A0A-B95F-97E7B8007948}.Release|Any CPU.ActiveCfg = Release|Any CPU
		{8E8C131A-BED2-4A0A-B95F-97E7B8007948}.Release|Any CPU.Build.0 = Release|Any CPU
	EndGlobalSection
	GlobalSection(SolutionProperties) = preSolution
		HideSolutionNode = FALSE
	EndGlobalSection
	GlobalSection(ExtensibilityGlobals) = postSolution
		SolutionGuid = {5AC98888-5A83-496E-8B6E-0D8B2CAF893B}
	EndGlobalSection
EndGlobal
