
Microsoft Visual Studio Solution File, Format Version 12.00
# Visual Studio Version 17
VisualStudioVersion = 17.10.35122.118
MinimumVisualStudioVersion = 10.0.40219.1
Project("{FAE04EC0-301F-11D3-BF4B-00C04F79EFBC}") = "Szecse", "Szecse\Szecse.csproj", "{B93C7EA3-DC47-470A-ABF3-725553EAD33A}"
EndProject
Global
	GlobalSection(SolutionConfigurationPlatforms) = preSolution
		Debug|Any CPU = Debug|Any CPU
		Release|Any CPU = Release|Any CPU
	EndGlobalSection
	GlobalSection(ProjectConfigurationPlatforms) = postSolution
		{B93C7EA3-DC47-470A-ABF3-725553EAD33A}.Debug|Any CPU.ActiveCfg = Debug|Any CPU
		{B93C7EA3-DC47-470A-ABF3-725553EAD33A}.Debug|Any CPU.Build.0 = Debug|Any CPU
		{B93C7EA3-DC47-470A-ABF3-725553EAD33A}.Release|Any CPU.ActiveCfg = Release|Any CPU
		{B93C7EA3-DC47-470A-ABF3-725553EAD33A}.Release|Any CPU.Build.0 = Release|Any CPU
	EndGlobalSection
	GlobalSection(SolutionProperties) = preSolution
		HideSolutionNode = FALSE
	EndGlobalSection
	GlobalSection(ExtensibilityGlobals) = postSolution
		SolutionGuid = {599345A2-05AA-4F22-A07E-1833ACD13011}
	EndGlobalSection
EndGlobal
